# This file is automatically @generated by Poetry 2.2.1 and should not be changed by hand.

[[package]]
name = "asgiref"
version = "3.10.0"
description = "ASGI specs, helper code, and adapters"
optional = false
python-versions = ">=3.9"
groups = ["main", "djangorestframework-jsonapi"]
files = [
    {file = "asgiref-3.10.0-py3-none-any.whl", hash = "sha256:aef8a81283a34d0ab31630c9b7dfe70c812c95eba78171367ca8745e88124734"},
    {file = "asgiref-3.10.0.tar.gz", hash = "sha256:d89f2d8cd8b56dada7d52fa7dc8075baa08fb836560710d38c292a7a3f78c04e"},
]

[package.extras]
tests = ["mypy (>=1.14.0)", "pytest", "pytest-asyncio"]

[[package]]
name = "asttokens"
version = "3.0.0"
description = "Annotate AST trees with source code positions"
optional = false
python-versions = ">=3.8"
groups = ["dev"]
files = [
    {file = "asttokens-3.0.0-py3-none-any.whl", hash = "sha256:e3078351a059199dd5138cb1c706e6430c05eff2ff136af5eb4790f9d28932e2"},
    {file = "asttokens-3.0.0.tar.gz", hash = "sha256:0dcd8baa8d62b0c1d118b399b2ddba3c4aff271d0d7a9e0d4c1681c79035bbc7"},
]

[package.extras]
astroid = ["astroid (>=2,<4)"]
test = ["astroid (>=2,<4)", "pytest", "pytest-cov", "pytest-xdist"]

[[package]]
name = "colorama"
version = "0.4.6"
description = "Cross-platform colored terminal text."
optional = false
python-versions = "!=3.0.*,!=3.1.*,!=3.2.*,!=3.3.*,!=3.4.*,!=3.5.*,!=3.6.*,>=2.7"
groups = ["dev"]
markers = "sys_platform == \"win32\""
files = [
    {file = "colorama-0.4.6-py2.py3-none-any.whl", hash = "sha256:4f1d9991f5acc0ca119f9d443620b77f9d6b33703e51011c16baf57afb285fc6"},
    {file = "colorama-0.4.6.tar.gz", hash = "sha256:08695f5cb7ed6e0531a20572697297273c47b8cae5a63ffc6d6ed5c201be6e44"},
]

[[package]]
name = "coverage"
version = "7.11.0"
description = "Code coverage measurement for Python"
optional = false
python-versions = ">=3.10"
groups = ["dev"]
files = [
    {file = "coverage-7.11.0-cp310-cp310-macosx_10_9_x86_64.whl", hash = "sha256:eb53f1e8adeeb2e78962bade0c08bfdc461853c7969706ed901821e009b35e31"},
    {file = "coverage-7.11.0-cp310-cp310-macosx_11_0_arm64.whl", hash = "sha256:d9a03ec6cb9f40a5c360f138b88266fd8f58408d71e89f536b4f91d85721d075"},
    {file = "coverage-7.11.0-cp310-cp310-manylinux1_i686.manylinux_2_28_i686.manylinux_2_5_i686.whl", hash = "sha256:0d7f0616c557cbc3d1c2090334eddcbb70e1ae3a40b07222d62b3aa47f608fab"},
    {file = "coverage-7.11.0-cp310-cp310-manylinux1_x86_64.manylinux_2_28_x86_64.manylinux_2_5_x86_64.whl", hash = "sha256:e44a86a47bbdf83b0a3ea4d7df5410d6b1a0de984fbd805fa5101f3624b9abe0"},
    {file = "coverage-7.11.0-cp310-cp310-manylinux2014_aarch64.manylinux_2_17_aarch64.manylinux_2_28_aarch64.whl", hash = "sha256:596763d2f9a0ee7eec6e643e29660def2eef297e1de0d334c78c08706f1cb785"},
    {file = "coverage-7.11.0-cp310-cp310-manylinux_2_31_riscv64.manylinux_2_39_riscv64.whl", hash = "sha256:ef55537ff511b5e0a43edb4c50a7bf7ba1c3eea20b4f49b1490f1e8e0e42c591"},
    {file = "coverage-7.11.0-cp310-cp310-musllinux_1_2_aarch64.whl", hash = "sha256:9cbabd8f4d0d3dc571d77ae5bdbfa6afe5061e679a9d74b6797c48d143307088"},
    {file = "coverage-7.11.0-cp310-cp310-musllinux_1_2_i686.whl", hash = "sha256:e24045453384e0ae2a587d562df2a04d852672eb63051d16096d3f08aa4c7c2f"},
    {file = "coverage-7.11.0-cp310-cp310-musllinux_1_2_riscv64.whl", hash = "sha256:7161edd3426c8d19bdccde7d49e6f27f748f3c31cc350c5de7c633fea445d866"},
    {file = "coverage-7.11.0-cp310-cp310-musllinux_1_2_x86_64.whl", hash = "sha256:3d4ed4de17e692ba6415b0587bc7f12bc80915031fc9db46a23ce70fc88c9841"},
    {file = "coverage-7.11.0-cp310-cp310-win32.whl", hash = "sha256:765c0bc8fe46f48e341ef737c91c715bd2a53a12792592296a095f0c237e09cf"},
    {file = "coverage-7.11.0-cp310-cp310-win_amd64.whl", hash = "sha256:24d6f3128f1b2d20d84b24f4074475457faedc3d4613a7e66b5e769939c7d969"},
    {file = "coverage-7.11.0-cp311-cp311-macosx_10_9_x86_64.whl", hash = "sha256:3d58ecaa865c5b9fa56e35efc51d1014d4c0d22838815b9fce57a27dd9576847"},
    {file = "coverage-7.11.0-cp311-cp311-macosx_11_0_arm64.whl", hash = "sha256:b679e171f1c104a5668550ada700e3c4937110dbdd153b7ef9055c4f1a1ee3cc"},
    {file = "coverage-7.11.0-cp311-cp311-manylinux1_i686.manylinux_2_28_i686.manylinux_2_5_i686.whl", hash = "sha256:ca61691ba8c5b6797deb221a0d09d7470364733ea9c69425a640f1f01b7c5bf0"},
    {file = "coverage-7.11.0-cp311-cp311-manylinux1_x86_64.manylinux_2_28_x86_64.manylinux_2_5_x86_64.whl", hash = "sha256:aef1747ede4bd8ca9cfc04cc3011516500c6891f1b33a94add3253f6f876b7b7"},
    {file = "coverage-7.11.0-cp311-cp311-manylinux2014_aarch64.manylinux_2_17_aarch64.manylinux_2_28_aarch64.whl", hash = "sha256:a1839d08406e4cba2953dcc0ffb312252f14d7c4c96919f70167611f4dee2623"},
    {file = "coverage-7.11.0-cp311-cp311-manylinux_2_31_riscv64.manylinux_2_39_riscv64.whl", hash = "sha256:e0eb0a2dcc62478eb5b4cbb80b97bdee852d7e280b90e81f11b407d0b81c4287"},
    {file = "coverage-7.11.0-cp311-cp311-musllinux_1_2_aarch64.whl", hash = "sha256:bc1fbea96343b53f65d5351d8fd3b34fd415a2670d7c300b06d3e14a5af4f552"},
    {file = "coverage-7.11.0-cp311-cp311-musllinux_1_2_i686.whl", hash = "sha256:214b622259dd0cf435f10241f1333d32caa64dbc27f8790ab693428a141723de"},
    {file = "coverage-7.11.0-cp311-cp311-musllinux_1_2_riscv64.whl", hash = "sha256:258d9967520cca899695d4eb7ea38be03f06951d6ca2f21fb48b1235f791e601"},
    {file = "coverage-7.11.0-cp311-cp311-musllinux_1_2_x86_64.whl", hash = "sha256:cf9e6ff4ca908ca15c157c409d608da77a56a09877b97c889b98fb2c32b6465e"},
    {file = "coverage-7.11.0-cp311-cp311-win32.whl", hash = "sha256:fcc15fc462707b0680cff6242c48625da7f9a16a28a41bb8fd7a4280920e676c"},
    {file = "coverage-7.11.0-cp311-cp311-win_amd64.whl", hash = "sha256:865965bf955d92790f1facd64fe7ff73551bd2c1e7e6b26443934e9701ba30b9"},
    {file = "coverage-7.11.0-cp311-cp311-win_arm64.whl", hash = "sha256:5693e57a065760dcbeb292d60cc4d0231a6d4b6b6f6a3191561e1d5e8820b745"},
    {file = "coverage-7.11.0-cp312-cp312-macosx_10_13_x86_64.whl", hash = "sha256:9c49e77811cf9d024b95faf86c3f059b11c0c9be0b0d61bc598f453703bd6fd1"},
    {file = "coverage-7.11.0-cp312-cp312-macosx_11_0_arm64.whl", hash = "sha256:a61e37a403a778e2cda2a6a39abcc895f1d984071942a41074b5c7ee31642007"},
    {file = "coverage-7.11.0-cp312-cp312-manylinux1_i686.manylinux_2_28_i686.manylinux_2_5_i686.whl", hash = "sha256:c79cae102bb3b1801e2ef1511fb50e91ec83a1ce466b2c7c25010d884336de46"},
    {file = "coverage-7.11.0-cp312-cp312-manylinux1_x86_64.manylinux_2_28_x86_64.manylinux_2_5_x86_64.whl", hash = "sha256:16ce17ceb5d211f320b62df002fa7016b7442ea0fd260c11cec8ce7730954893"},
    {file = "coverage-7.11.0-cp312-cp312-manylinux2014_aarch64.manylinux_2_17_aarch64.manylinux_2_28_aarch64.whl", hash = "sha256:80027673e9d0bd6aef86134b0771845e2da85755cf686e7c7c59566cf5a89115"},
    {file = "coverage-7.11.0-cp312-cp312-manylinux_2_31_riscv64.manylinux_2_39_riscv64.whl", hash = "sha256:4d3ffa07a08657306cd2215b0da53761c4d73cb54d9143b9303a6481ec0cd415"},
    {file = "coverage-7.11.0-cp312-cp312-musllinux_1_2_aarch64.whl", hash = "sha256:a3b6a5f8b2524fd6c1066bc85bfd97e78709bb5e37b5b94911a6506b65f47186"},
    {file = "coverage-7.11.0-cp312-cp312-musllinux_1_2_i686.whl", hash = "sha256:fcc0a4aa589de34bc56e1a80a740ee0f8c47611bdfb28cd1849de60660f3799d"},
    {file = "coverage-7.11.0-cp312-cp312-musllinux_1_2_riscv64.whl", hash = "sha256:dba82204769d78c3fd31b35c3d5f46e06511936c5019c39f98320e05b08f794d"},
    {file = "coverage-7.11.0-cp312-cp312-musllinux_1_2_x86_64.whl", hash = "sha256:81b335f03ba67309a95210caf3eb43bd6fe75a4e22ba653ef97b4696c56c7ec2"},
    {file = "coverage-7.11.0-cp312-cp312-win32.whl", hash = "sha256:037b2d064c2f8cc8716fe4d39cb705779af3fbf1ba318dc96a1af858888c7bb5"},
    {file = "coverage-7.11.0-cp312-cp312-win_amd64.whl", hash = "sha256:d66c0104aec3b75e5fd897e7940188ea1892ca1d0235316bf89286d6a22568c0"},
    {file = "coverage-7.11.0-cp312-cp312-win_arm64.whl", hash = "sha256:d91ebeac603812a09cf6a886ba6e464f3bbb367411904ae3790dfe28311b15ad"},
    {file = "coverage-7.11.0-cp313-cp313-macosx_10_13_x86_64.whl", hash = "sha256:cc3f49e65ea6e0d5d9bd60368684fe52a704d46f9e7fc413918f18d046ec40e1"},
    {file = "coverage-7.11.0-cp313-cp313-macosx_11_0_arm64.whl", hash = "sha256:f39ae2f63f37472c17b4990f794035c9890418b1b8cca75c01193f3c8d3e01be"},
    {file = "coverage-7.11.0-cp313-cp313-manylinux1_i686.manylinux_2_28_i686.manylinux_2_5_i686.whl", hash = "sha256:7db53b5cdd2917b6eaadd0b1251cf4e7d96f4a8d24e174bdbdf2f65b5ea7994d"},
    {file = "coverage-7.11.0-cp313-cp313-manylinux1_x86_64.manylinux_2_28_x86_64.manylinux_2_5_x86_64.whl", hash = "sha256:10ad04ac3a122048688387828b4537bc9cf60c0bf4869c1e9989c46e45690b82"},
    {file = "coverage-7.11.0-cp313-cp313-manylinux2014_aarch64.manylinux_2_17_aarch64.manylinux_2_28_aarch64.whl", hash = "sha256:4036cc9c7983a2b1f2556d574d2eb2154ac6ed55114761685657e38782b23f52"},
    {file = "coverage-7.11.0-cp313-cp313-manylinux_2_31_riscv64.manylinux_2_39_riscv64.whl", hash = "sha256:7ab934dd13b1c5e94b692b1e01bd87e4488cb746e3a50f798cb9464fd128374b"},
    {file = "coverage-7.11.0-cp313-cp313-musllinux_1_2_aarch64.whl", hash = "sha256:59a6e5a265f7cfc05f76e3bb53eca2e0dfe90f05e07e849930fecd6abb8f40b4"},
    {file = "coverage-7.11.0-cp313-cp313-musllinux_1_2_i686.whl", hash = "sha256:df01d6c4c81e15a7c88337b795bb7595a8596e92310266b5072c7e301168efbd"},
    {file = "coverage-7.11.0-cp313-cp313-musllinux_1_2_riscv64.whl", hash = "sha256:8c934bd088eed6174210942761e38ee81d28c46de0132ebb1801dbe36a390dcc"},
    {file = "coverage-7.11.0-cp313-cp313-musllinux_1_2_x86_64.whl", hash = "sha256:5a03eaf7ec24078ad64a07f02e30060aaf22b91dedf31a6b24d0d98d2bba7f48"},
    {file = "coverage-7.11.0-cp313-cp313-win32.whl", hash = "sha256:695340f698a5f56f795b2836abe6fb576e7c53d48cd155ad2f80fd24bc63a040"},
    {file = "coverage-7.11.0-cp313-cp313-win_amd64.whl", hash = "sha256:2727d47fce3ee2bac648528e41455d1b0c46395a087a229deac75e9f88ba5a05"},
    {file = "coverage-7.11.0-cp313-cp313-win_arm64.whl", hash = "sha256:0efa742f431529699712b92ecdf22de8ff198df41e43aeaaadf69973eb93f17a"},
    {file = "coverage-7.11.0-cp313-cp313t-macosx_10_13_x86_64.whl", hash = "sha256:587c38849b853b157706407e9ebdca8fd12f45869edb56defbef2daa5fb0812b"},
    {file = "coverage-7.11.0-cp313-cp313t-macosx_11_0_arm64.whl", hash = "sha256:b971bdefdd75096163dd4261c74be813c4508477e39ff7b92191dea19f24cd37"},
    {file = "coverage-7.11.0-cp313-cp313t-manylinux1_i686.manylinux_2_28_i686.manylinux_2_5_i686.whl", hash = "sha256:269bfe913b7d5be12ab13a95f3a76da23cf147be7fa043933320ba5625f0a8de"},
    {file = "coverage-7.11.0-cp313-cp313t-manylinux1_x86_64.manylinux_2_28_x86_64.manylinux_2_5_x86_64.whl", hash = "sha256:dadbcce51a10c07b7c72b0ce4a25e4b6dcb0c0372846afb8e5b6307a121eb99f"},
    {file = "coverage-7.11.0-cp313-cp313t-manylinux2014_aarch64.manylinux_2_17_aarch64.manylinux_2_28_aarch64.whl", hash = "sha256:9ed43fa22c6436f7957df036331f8fe4efa7af132054e1844918866cd228af6c"},
    {file = "coverage-7.11.0-cp313-cp313t-manylinux_2_31_riscv64.manylinux_2_39_riscv64.whl", hash = "sha256:9516add7256b6713ec08359b7b05aeff8850c98d357784c7205b2e60aa2513fa"},
    {file = "coverage-7.11.0-cp313-cp313t-musllinux_1_2_aarch64.whl", hash = "sha256:eb92e47c92fcbcdc692f428da67db33337fa213756f7adb6a011f7b5a7a20740"},
    {file = "coverage-7.11.0-cp313-cp313t-musllinux_1_2_i686.whl", hash = "sha256:d06f4fc7acf3cabd6d74941d53329e06bab00a8fe10e4df2714f0b134bfc64ef"},
    {file = "coverage-7.11.0-cp313-cp313t-musllinux_1_2_riscv64.whl", hash = "sha256:6fbcee1a8f056af07ecd344482f711f563a9eb1c2cad192e87df00338ec3cdb0"},
    {file = "coverage-7.11.0-cp313-cp313t-musllinux_1_2_x86_64.whl", hash = "sha256:dbbf012be5f32533a490709ad597ad8a8ff80c582a95adc8d62af664e532f9ca"},
    {file = "coverage-7.11.0-cp313-cp313t-win32.whl", hash = "sha256:cee6291bb4fed184f1c2b663606a115c743df98a537c969c3c64b49989da96c2"},
    {file = "coverage-7.11.0-cp313-cp313t-win_amd64.whl", hash = "sha256:a386c1061bf98e7ea4758e4313c0ab5ecf57af341ef0f43a0bf26c2477b5c268"},
    {file = "coverage-7.11.0-cp313-cp313t-win_arm64.whl", hash = "sha256:f9ea02ef40bb83823b2b04964459d281688fe173e20643870bb5d2edf68bc836"},
    {file = "coverage-7.11.0-cp314-cp314-macosx_10_13_x86_64.whl", hash = "sha256:c770885b28fb399aaf2a65bbd1c12bf6f307ffd112d6a76c5231a94276f0c497"},
    {file = "coverage-7.11.0-cp314-cp314-macosx_11_0_arm64.whl", hash = "sha256:a3d0e2087dba64c86a6b254f43e12d264b636a39e88c5cc0a01a7c71bcfdab7e"},
    {file = "coverage-7.11.0-cp314-cp314-manylinux1_i686.manylinux_2_28_i686.manylinux_2_5_i686.whl", hash = "sha256:73feb83bb41c32811973b8565f3705caf01d928d972b72042b44e97c71fd70d1"},
    {file = "coverage-7.11.0-cp314-cp314-manylinux1_x86_64.manylinux_2_28_x86_64.manylinux_2_5_x86_64.whl", hash = "sha256:c6f31f281012235ad08f9a560976cc2fc9c95c17604ff3ab20120fe480169bca"},
    {file = "coverage-7.11.0-cp314-cp314-manylinux2014_aarch64.manylinux_2_17_aarch64.manylinux_2_28_aarch64.whl", hash = "sha256:e9570ad567f880ef675673992222746a124b9595506826b210fbe0ce3f0499cd"},
    {file = "coverage-7.11.0-cp314-cp314-manylinux_2_31_riscv64.manylinux_2_39_riscv64.whl", hash = "sha256:8badf70446042553a773547a61fecaa734b55dc738cacf20c56ab04b77425e43"},
    {file = "coverage-7.11.0-cp314-cp314-musllinux_1_2_aarch64.whl", hash = "sha256:a09c1211959903a479e389685b7feb8a17f59ec5a4ef9afde7650bd5eabc2777"},
    {file = "coverage-7.11.0-cp314-cp314-musllinux_1_2_i686.whl", hash = "sha256:5ef83b107f50db3f9ae40f69e34b3bd9337456c5a7fe3461c7abf8b75dd666a2"},
    {file = "coverage-7.11.0-cp314-cp314-musllinux_1_2_riscv64.whl", hash = "sha256:f91f927a3215b8907e214af77200250bb6aae36eca3f760f89780d13e495388d"},
    {file = "coverage-7.11.0-cp314-cp314-musllinux_1_2_x86_64.whl", hash = "sha256:cdbcd376716d6b7fbfeedd687a6c4be019c5a5671b35f804ba76a4c0a778cba4"},
    {file = "coverage-7.11.0-cp314-cp314-win32.whl", hash = "sha256:bab7ec4bb501743edc63609320aaec8cd9188b396354f482f4de4d40a9d10721"},
    {file = "coverage-7.11.0-cp314-cp314-win_amd64.whl", hash = "sha256:3d4ba9a449e9364a936a27322b20d32d8b166553bfe63059bd21527e681e2fad"},
    {file = "coverage-7.11.0-cp314-cp314-win_arm64.whl", hash = "sha256:ce37f215223af94ef0f75ac68ea096f9f8e8c8ec7d6e8c346ee45c0d363f0479"},
    {file = "coverage-7.11.0-cp314-cp314t-macosx_10_13_x86_64.whl", hash = "sha256:f413ce6e07e0d0dc9c433228727b619871532674b45165abafe201f200cc215f"},
    {file = "coverage-7.11.0-cp314-cp314t-macosx_11_0_arm64.whl", hash = "sha256:05791e528a18f7072bf5998ba772fe29db4da1234c45c2087866b5ba4dea710e"},
    {file = "coverage-7.11.0-cp314-cp314t-manylinux1_i686.manylinux_2_28_i686.manylinux_2_5_i686.whl", hash = "sha256:cacb29f420cfeb9283b803263c3b9a068924474ff19ca126ba9103e1278dfa44"},
    {file = "coverage-7.11.0-cp314-cp314t-manylinux1_x86_64.manylinux_2_28_x86_64.manylinux_2_5_x86_64.whl", hash = "sha256:314c24e700d7027ae3ab0d95fbf8d53544fca1f20345fd30cd219b737c6e58d3"},
    {file = "coverage-7.11.0-cp314-cp314t-manylinux2014_aarch64.manylinux_2_17_aarch64.manylinux_2_28_aarch64.whl", hash = "sha256:630d0bd7a293ad2fc8b4b94e5758c8b2536fdf36c05f1681270203e463cbfa9b"},
    {file = "coverage-7.11.0-cp314-cp314t-manylinux_2_31_riscv64.manylinux_2_39_riscv64.whl", hash = "sha256:e89641f5175d65e2dbb44db15fe4ea48fade5d5bbb9868fdc2b4fce22f4a469d"},
    {file = "coverage-7.11.0-cp314-cp314t-musllinux_1_2_aarch64.whl", hash = "sha256:c9f08ea03114a637dab06cedb2e914da9dc67fa52c6015c018ff43fdde25b9c2"},
    {file = "coverage-7.11.0-cp314-cp314t-musllinux_1_2_i686.whl", hash = "sha256:ce9f3bde4e9b031eaf1eb61df95c1401427029ea1bfddb8621c1161dcb0fa02e"},
    {file = "coverage-7.11.0-cp314-cp314t-musllinux_1_2_riscv64.whl", hash = "sha256:e4dc07e95495923d6fd4d6c27bf70769425b71c89053083843fd78f378558996"},
    {file = "coverage-7.11.0-cp314-cp314t-musllinux_1_2_x86_64.whl", hash = "sha256:424538266794db2861db4922b05d729ade0940ee69dcf0591ce8f69784db0e11"},
    {file = "coverage-7.11.0-cp314-cp314t-win32.whl", hash = "sha256:4c1eeb3fb8eb9e0190bebafd0462936f75717687117339f708f395fe455acc73"},
    {file = "coverage-7.11.0-cp314-cp314t-win_amd64.whl", hash = "sha256:b56efee146c98dbf2cf5cffc61b9829d1e94442df4d7398b26892a53992d3547"},
    {file = "coverage-7.11.0-cp314-cp314t-win_arm64.whl", hash = "sha256:b5c2705afa83f49bd91962a4094b6b082f94aef7626365ab3f8f4bd159c5acf3"},
    {file = "coverage-7.11.0-py3-none-any.whl", hash = "sha256:4b7589765348d78fb4e5fb6ea35d07564e387da2fc5efff62e0222971f155f68"},
    {file = "coverage-7.11.0.tar.gz", hash = "sha256:167bd504ac1ca2af7ff3b81d245dfea0292c5032ebef9d66cc08a7d28c1b8050"},
]

[package.extras]
toml = ["tomli ; python_full_version <= \"3.11.0a6\""]

[[package]]
name = "decorator"
version = "5.2.1"
description = "Decorators for Humans"
optional = false
python-versions = ">=3.8"
groups = ["dev"]
files = [
    {file = "decorator-5.2.1-py3-none-any.whl", hash = "sha256:d316bb415a2d9e2d2b3abcc4084c6502fc09240e292cd76a76afc106a1c8e04a"},
    {file = "decorator-5.2.1.tar.gz", hash = "sha256:65f266143752f734b0a7cc83c46f4618af75b8c5911b00ccb61d0ac9b6da0360"},
]

[[package]]
name = "django"
version = "5.2.8"
description = "A high-level Python web framework that encourages rapid development and clean, pragmatic design."
optional = false
python-versions = ">=3.10"
groups = ["main", "djangorestframework-jsonapi"]
files = [
    {file = "django-5.2.8-py3-none-any.whl", hash = "sha256:37e687f7bd73ddf043e2b6b97cfe02fcbb11f2dbb3adccc6a2b18c6daa054d7f"},
    {file = "django-5.2.8.tar.gz", hash = "sha256:23254866a5bb9a2cfa6004e8b809ec6246eba4b58a7589bc2772f1bcc8456c7f"},
]

[package.dependencies]
asgiref = ">=3.8.1"
sqlparse = ">=0.3.1"
tzdata = {version = "*", markers = "sys_platform == \"win32\""}

[package.extras]
argon2 = ["argon2-cffi (>=19.1.0)"]
bcrypt = ["bcrypt"]

[[package]]
name = "djangorestframework"
version = "3.16.1"
description = "Web APIs for Django, made easy."
optional = false
python-versions = ">=3.9"
groups = ["main", "djangorestframework-jsonapi"]
files = [
    {file = "djangorestframework-3.16.1-py3-none-any.whl", hash = "sha256:33a59f47fb9c85ede792cbf88bde71893bcda0667bc573f784649521f1102cec"},
    {file = "djangorestframework-3.16.1.tar.gz", hash = "sha256:166809528b1aced0a17dc66c24492af18049f2c9420dbd0be29422029cfc3ff7"},
]

[package.dependencies]
django = ">=4.2"

[[package]]
name = "djangorestframework-jsonapi"
version = "8.1.0"
description = "A Django REST framework API adapter for the JSON:API spec."
optional = false
python-versions = ">=3.9"
groups = ["djangorestframework-jsonapi"]
files = [
    {file = "djangorestframework_jsonapi-8.1.0-py2.py3-none-any.whl", hash = "sha256:179a1fc6ea6215062864f2b20b6126e96521434915620f87475b20f701184f13"},
    {file = "djangorestframework_jsonapi-8.1.0.tar.gz", hash = "sha256:d02defa331c240cef136dc522f670e5535a2f1fad182dc04bd4abf4c4a747340"},
]

[package.dependencies]
django = ">=4.2"
djangorestframework = ">=3.15"
inflection = ">=0.5.0"

[package.extras]
django-filter = ["django-filter (>=2.4)"]
django-polymorphic = ["django-polymorphic (>=4.0.0)"]

[[package]]
name = "executing"
version = "2.2.1"
description = "Get the currently executing AST node of a frame, and other information"
optional = false
python-versions = ">=3.8"
groups = ["dev"]
files = [
    {file = "executing-2.2.1-py2.py3-none-any.whl", hash = "sha256:760643d3452b4d777d295bb167ccc74c64a81df23fb5e08eff250c425a4b2017"},
    {file = "executing-2.2.1.tar.gz", hash = "sha256:3632cc370565f6648cc328b32435bd120a1e4ebb20c77e3fdde9a13cd1e533c4"},
]

[package.extras]
tests = ["asttokens (>=2.1.0)", "coverage", "coverage-enable-subprocess", "ipython", "littleutils", "pytest", "rich ; python_version >= \"3.11\""]

[[package]]
name = "fancycompleter"
version = "0.11.1"
description = "colorful TAB completion for Python prompt"
optional = false
python-versions = ">=3.8"
groups = ["dev"]
files = [
    {file = "fancycompleter-0.11.1-py3-none-any.whl", hash = "sha256:44243d7fab37087208ca5acacf8f74c0aa4d733d04d593857873af7513cdf8a6"},
    {file = "fancycompleter-0.11.1.tar.gz", hash = "sha256:5b4ad65d76b32b1259251516d0f1cb2d82832b1ff8506697a707284780757f69"},
]

[package.dependencies]
pyreadline3 = {version = "*", markers = "platform_system == \"Windows\" and python_version < \"3.13\""}
pyrepl = {version = ">=0.11.3", markers = "python_version < \"3.13\""}

[package.extras]
dev = ["fancycompleter[tests]", "mypy", "ruff (==0.11.8)"]
tests = ["pytest", "pytest-cov"]

[[package]]
name = "inflection"
version = "0.5.1"
description = "A port of Ruby on Rails inflector to Python"
optional = false
python-versions = ">=3.5"
groups = ["djangorestframework-jsonapi"]
files = [
    {file = "inflection-0.5.1-py2.py3-none-any.whl", hash = "sha256:f38b2b640938a4f35ade69ac3d053042959b62a0f1076a5bbaa1b9526605a8a2"},
    {file = "inflection-0.5.1.tar.gz", hash = "sha256:1a29730d366e996aaacffb2f1f1cb9593dc38e2ddd30c91250c6dde09ea9b417"},
]

[[package]]
name = "iniconfig"
version = "2.3.0"
description = "brain-dead simple config-ini parsing"
optional = false
python-versions = ">=3.10"
groups = ["dev"]
files = [
    {file = "iniconfig-2.3.0-py3-none-any.whl", hash = "sha256:f631c04d2c48c52b84d0d0549c99ff3859c98df65b3101406327ecc7d53fbf12"},
    {file = "iniconfig-2.3.0.tar.gz", hash = "sha256:c76315c77db068650d49c5b56314774a7804df16fee4402c1f19d6d15d8c4730"},
]

[[package]]
name = "ipdb"
version = "0.13.13"
description = "IPython-enabled pdb"
optional = false
python-versions = ">=2.7, !=3.0.*, !=3.1.*, !=3.2.*, !=3.3.*"
groups = ["dev"]
files = [
    {file = "ipdb-0.13.13-py3-none-any.whl", hash = "sha256:45529994741c4ab6d2388bfa5d7b725c2cf7fe9deffabdb8a6113aa5ed449ed4"},
    {file = "ipdb-0.13.13.tar.gz", hash = "sha256:e3ac6018ef05126d442af680aad863006ec19d02290561ac88b8b1c0b0cfc726"},
]

[package.dependencies]
decorator = {version = "*", markers = "python_version >= \"3.11\""}
ipython = {version = ">=7.31.1", markers = "python_version >= \"3.11\""}

[[package]]
name = "ipython"
version = "9.7.0"
description = "IPython: Productive Interactive Computing"
optional = false
python-versions = ">=3.11"
groups = ["dev"]
files = [
    {file = "ipython-9.7.0-py3-none-any.whl", hash = "sha256:bce8ac85eb9521adc94e1845b4c03d88365fd6ac2f4908ec4ed1eb1b0a065f9f"},
    {file = "ipython-9.7.0.tar.gz", hash = "sha256:5f6de88c905a566c6a9d6c400a8fed54a638e1f7543d17aae2551133216b1e4e"},
]

[package.dependencies]
colorama = {version = ">=0.4.4", markers = "sys_platform == \"win32\""}
decorator = ">=4.3.2"
ipython-pygments-lexers = ">=1.0.0"
jedi = ">=0.18.1"
matplotlib-inline = ">=0.1.5"
pexpect = {version = ">4.3", markers = "sys_platform != \"win32\" and sys_platform != \"emscripten\""}
prompt_toolkit = ">=3.0.41,<3.1.0"
pygments = ">=2.11.0"
stack_data = ">=0.6.0"
traitlets = ">=5.13.0"

[package.extras]
all = ["ipython[doc,matplotlib,test,test-extra]"]
black = ["black"]
doc = ["docrepr", "exceptiongroup", "intersphinx_registry", "ipykernel", "ipython[matplotlib,test]", "setuptools (>=70.0)", "sphinx (>=8.0)", "sphinx-rtd-theme (>=0.1.8)", "sphinx_toml (==0.0.4)", "typing_extensions"]
matplotlib = ["matplotlib (>3.9)"]
test = ["packaging (>=20.1.0)", "pytest (>=7.0.0)", "pytest-asyncio (>=1.0.0)", "setuptools (>=61.2)", "testpath (>=0.2)"]
test-extra = ["curio", "ipykernel (>6.30)", "ipython[matplotlib]", "ipython[test]", "jupyter_ai", "nbclient", "nbformat", "numpy (>=1.27)", "pandas (>2.1)", "trio (>=0.1.0)"]

[[package]]
name = "ipython-pygments-lexers"
version = "1.1.1"
description = "Defines a variety of Pygments lexers for highlighting IPython code."
optional = false
python-versions = ">=3.8"
groups = ["dev"]
files = [
    {file = "ipython_pygments_lexers-1.1.1-py3-none-any.whl", hash = "sha256:a9462224a505ade19a605f71f8fa63c2048833ce50abc86768a0d81d876dc81c"},
    {file = "ipython_pygments_lexers-1.1.1.tar.gz", hash = "sha256:09c0138009e56b6854f9535736f4171d855c8c08a563a0dcd8022f78355c7e81"},
]

[package.dependencies]
pygments = "*"

[[package]]
name = "jedi"
version = "0.19.2"
description = "An autocompletion tool for Python that can be used for text editors."
optional = false
python-versions = ">=3.6"
groups = ["dev"]
files = [
    {file = "jedi-0.19.2-py2.py3-none-any.whl", hash = "sha256:a8ef22bde8490f57fe5c7681a3c83cb58874daf72b4784de3cce5b6ef6edb5b9"},
    {file = "jedi-0.19.2.tar.gz", hash = "sha256:4770dc3de41bde3966b02eb84fbcf557fb33cce26ad23da12c742fb50ecb11f0"},
]

[package.dependencies]
parso = ">=0.8.4,<0.9.0"

[package.extras]
docs = ["Jinja2 (==2.11.3)", "MarkupSafe (==1.1.1)", "Pygments (==2.8.1)", "alabaster (==0.7.12)", "babel (==2.9.1)", "chardet (==4.0.0)", "commonmark (==0.8.1)", "docutils (==0.17.1)", "future (==0.18.2)", "idna (==2.10)", "imagesize (==1.2.0)", "mock (==1.0.1)", "packaging (==20.9)", "pyparsing (==2.4.7)", "pytz (==2021.1)", "readthedocs-sphinx-ext (==2.1.4)", "recommonmark (==0.5.0)", "requests (==2.25.1)", "six (==1.15.0)", "snowballstemmer (==2.1.0)", "sphinx (==1.8.5)", "sphinx-rtd-theme (==0.4.3)", "sphinxcontrib-serializinghtml (==1.1.4)", "sphinxcontrib-websupport (==1.2.4)", "urllib3 (==1.26.4)"]
qa = ["flake8 (==5.0.4)", "mypy (==0.971)", "types-setuptools (==67.2.0.1)"]
testing = ["Django", "attrs", "colorama", "docopt", "pytest (<9.0.0)"]

[[package]]
name = "matplotlib-inline"
version = "0.2.1"
description = "Inline Matplotlib backend for Jupyter"
optional = false
python-versions = ">=3.9"
groups = ["dev"]
files = [
    {file = "matplotlib_inline-0.2.1-py3-none-any.whl", hash = "sha256:d56ce5156ba6085e00a9d54fead6ed29a9c47e215cd1bba2e976ef39f5710a76"},
    {file = "matplotlib_inline-0.2.1.tar.gz", hash = "sha256:e1ee949c340d771fc39e241ea75683deb94762c8fa5f2927ec57c83c4dffa9fe"},
]

[package.dependencies]
traitlets = "*"

[package.extras]
test = ["flake8", "nbdime", "nbval", "notebook", "pytest"]

[[package]]
name = "packaging"
version = "25.0"
description = "Core utilities for Python packages"
optional = false
python-versions = ">=3.8"
groups = ["dev"]
files = [
    {file = "packaging-25.0-py3-none-any.whl", hash = "sha256:29572ef2b1f17581046b3a2227d5c611fb25ec70ca1ba8554b24b0e69331a484"},
    {file = "packaging-25.0.tar.gz", hash = "sha256:d443872c98d677bf60f6a1f2f8c1cb748e8fe762d2bf9d3148b5599295b0fc4f"},
]

[[package]]
name = "parso"
version = "0.8.5"
description = "A Python Parser"
optional = false
python-versions = ">=3.6"
groups = ["dev"]
files = [
    {file = "parso-0.8.5-py2.py3-none-any.whl", hash = "sha256:646204b5ee239c396d040b90f9e272e9a8017c630092bf59980beb62fd033887"},
    {file = "parso-0.8.5.tar.gz", hash = "sha256:034d7354a9a018bdce352f48b2a8a450f05e9d6ee85db84764e9b6bd96dafe5a"},
]

[package.extras]
qa = ["flake8 (==5.0.4)", "mypy (==0.971)", "types-setuptools (==67.2.0.1)"]
testing = ["docopt", "pytest"]

[[package]]
name = "pdbpp"
version = "0.11.7"
description = "pdb++, a drop-in replacement for pdb"
optional = false
python-versions = "*"
groups = ["dev"]
files = [
    {file = "pdbpp-0.11.7-py3-none-any.whl", hash = "sha256:51916b63693898cf4881b36b4501c83947758d73f582f1f84893662b163bdb75"},
    {file = "pdbpp-0.11.7.tar.gz", hash = "sha256:cb6604ac31a35ed0f2a29650a8c022b26284620be3e01cfd41b683b91da1ff14"},
]

[package.dependencies]
fancycompleter = ">=0.11.0"
pygments = "*"

[package.extras]
testing = ["ipython", "pexpect", "pytest", "pytest-cov"]

[[package]]
name = "pexpect"
version = "4.9.0"
description = "Pexpect allows easy control of interactive console applications."
optional = false
python-versions = "*"
groups = ["dev"]
markers = "sys_platform != \"win32\" and sys_platform != \"emscripten\""
files = [
    {file = "pexpect-4.9.0-py2.py3-none-any.whl", hash = "sha256:7236d1e080e4936be2dc3e326cec0af72acf9212a7e1d060210e70a47e253523"},
    {file = "pexpect-4.9.0.tar.gz", hash = "sha256:ee7d41123f3c9911050ea2c2dac107568dc43b2d3b0c7557a33212c398ead30f"},
]

[package.dependencies]
ptyprocess = ">=0.5"

[[package]]
name = "pluggy"
version = "1.6.0"
description = "plugin and hook calling mechanisms for python"
optional = false
python-versions = ">=3.9"
groups = ["dev"]
files = [
    {file = "pluggy-1.6.0-py3-none-any.whl", hash = "sha256:e920276dd6813095e9377c0bc5566d94c932c33b27a3e3945d8389c374dd4746"},
    {file = "pluggy-1.6.0.tar.gz", hash = "sha256:7dcc130b76258d33b90f61b658791dede3486c3e6bfb003ee5c9bfb396dd22f3"},
]

[package.extras]
dev = ["pre-commit", "tox"]
testing = ["coverage", "pytest", "pytest-benchmark"]

[[package]]
name = "prompt-toolkit"
version = "3.0.52"
description = "Library for building powerful interactive command lines in Python"
optional = false
python-versions = ">=3.8"
groups = ["dev"]
files = [
    {file = "prompt_toolkit-3.0.52-py3-none-any.whl", hash = "sha256:9aac639a3bbd33284347de5ad8d68ecc044b91a762dc39b7c21095fcd6a19955"},
    {file = "prompt_toolkit-3.0.52.tar.gz", hash = "sha256:28cde192929c8e7321de85de1ddbe736f1375148b02f2e17edd840042b1be855"},
]

[package.dependencies]
wcwidth = "*"

[[package]]
name = "ptyprocess"
version = "0.7.0"
description = "Run a subprocess in a pseudo terminal"
optional = false
python-versions = "*"
groups = ["dev"]
markers = "sys_platform != \"win32\" and sys_platform != \"emscripten\""
files = [
    {file = "ptyprocess-0.7.0-py2.py3-none-any.whl", hash = "sha256:4b41f3967fce3af57cc7e94b888626c18bf37a083e3651ca8feeb66d492fef35"},
    {file = "ptyprocess-0.7.0.tar.gz", hash = "sha256:5c5d0a3b48ceee0b48485e0c26037c0acd7d29765ca3fbb5cb3831d347423220"},
]

[[package]]
name = "pure-eval"
version = "0.2.3"
description = "Safely evaluate AST nodes without side effects"
optional = false
python-versions = "*"
groups = ["dev"]
files = [
    {file = "pure_eval-0.2.3-py3-none-any.whl", hash = "sha256:1db8e35b67b3d218d818ae653e27f06c3aa420901fa7b081ca98cbedc874e0d0"},
    {file = "pure_eval-0.2.3.tar.gz", hash = "sha256:5f4e983f40564c576c7c8635ae88db5956bb2229d7e9237d03b3c0b0190eaf42"},
]

[package.extras]
tests = ["pytest"]

[[package]]
name = "pygments"
version = "2.19.2"
description = "Pygments is a syntax highlighting package written in Python."
optional = false
python-versions = ">=3.8"
groups = ["dev"]
files = [
    {file = "pygments-2.19.2-py3-none-any.whl", hash = "sha256:86540386c03d588bb81d44bc3928634ff26449851e99741617ecb9037ee5ec0b"},
    {file = "pygments-2.19.2.tar.gz", hash = "sha256:636cb2477cec7f8952536970bc533bc43743542f70392ae026374600add5b887"},
]

[package.extras]
windows-terminal = ["colorama (>=0.4.6)"]

[[package]]
name = "pyreadline3"
version = "3.5.4"
description = "A python implementation of GNU readline."
optional = false
python-versions = ">=3.8"
groups = ["dev"]
markers = "platform_system == \"Windows\" and python_version == \"3.12\""
files = [
    {file = "pyreadline3-3.5.4-py3-none-any.whl", hash = "sha256:eaf8e6cc3c49bcccf145fc6067ba8643d1df34d604a1ec0eccbf7a18e6d3fae6"},
    {file = "pyreadline3-3.5.4.tar.gz", hash = "sha256:8d57d53039a1c75adba8e50dd3d992b28143480816187ea5efbd5c78e6c885b7"},
]

[package.extras]
dev = ["build", "flake8", "mypy", "pytest", "twine"]

[[package]]
name = "pyrepl"
version = "0.11.4"
description = "A library for building flexible command line interfaces"
optional = false
python-versions = ">=3.8"
groups = ["dev"]
markers = "python_version == \"3.12\""
files = [
    {file = "pyrepl-0.11.4-py3-none-any.whl", hash = "sha256:ac30d6340267a21c39e1b1934f92bca6b8735017d14b17e40f903b2d1563541d"},
    {file = "pyrepl-0.11.4.tar.gz", hash = "sha256:efe988b4a6e5eed587e9769dc2269aeec2b6feec2f5d77995ee85b9ad7cf7063"},
]

[package.extras]
dev = ["pyrepl[tests]", "ruff (==0.11.8)"]
tests = ["pexpect", "pytest", "pytest-coverage", "pytest-timeout"]

[[package]]
name = "pytest"
version = "8.4.2"
description = "pytest: simple powerful testing with Python"
optional = false
python-versions = ">=3.9"
groups = ["dev"]
files = [
    {file = "pytest-8.4.2-py3-none-any.whl", hash = "sha256:872f880de3fc3a5bdc88a11b39c9710c3497a547cfa9320bc3c5e62fbf272e79"},
    {file = "pytest-8.4.2.tar.gz", hash = "sha256:86c0d0b93306b961d58d62a4db4879f27fe25513d4b969df351abdddb3c30e01"},
]

[package.dependencies]
colorama = {version = ">=0.4", markers = "sys_platform == \"win32\""}
iniconfig = ">=1"
packaging = ">=20"
pluggy = ">=1.5,<2"
pygments = ">=2.7.2"

[package.extras]
dev = ["argcomplete", "attrs (>=19.2)", "hypothesis (>=3.56)", "mock", "requests", "setuptools", "xmlschema"]

[[package]]
name = "pytest-cov"
version = "7.0.0"
description = "Pytest plugin for measuring coverage."
optional = false
python-versions = ">=3.9"
groups = ["dev"]
files = [
    {file = "pytest_cov-7.0.0-py3-none-any.whl", hash = "sha256:3b8e9558b16cc1479da72058bdecf8073661c7f57f7d3c5f22a1c23507f2d861"},
    {file = "pytest_cov-7.0.0.tar.gz", hash = "sha256:33c97eda2e049a0c5298e91f519302a1334c26ac65c1a483d6206fd458361af1"},
]

[package.dependencies]
coverage = {version = ">=7.10.6", extras = ["toml"]}
pluggy = ">=1.2"
pytest = ">=7"

[package.extras]
testing = ["process-tests", "pytest-xdist", "virtualenv"]

[[package]]
name = "pytest-django"
version = "4.11.1"
description = "A Django plugin for pytest."
optional = false
python-versions = ">=3.8"
groups = ["dev"]
files = [
    {file = "pytest_django-4.11.1-py3-none-any.whl", hash = "sha256:1b63773f648aa3d8541000c26929c1ea63934be1cfa674c76436966d73fe6a10"},
    {file = "pytest_django-4.11.1.tar.gz", hash = "sha256:a949141a1ee103cb0e7a20f1451d355f83f5e4a5d07bdd4dcfdd1fd0ff227991"},
]

[package.dependencies]
pytest = ">=7.0.0"

[package.extras]
docs = ["sphinx", "sphinx_rtd_theme"]
testing = ["Django", "django-configurations (>=2.0)"]

[[package]]
name = "pytest-mock"
version = "3.15.1"
description = "Thin-wrapper around the mock package for easier use with pytest"
optional = false
python-versions = ">=3.9"
groups = ["dev"]
files = [
    {file = "pytest_mock-3.15.1-py3-none-any.whl", hash = "sha256:0a25e2eb88fe5168d535041d09a4529a188176ae608a6d249ee65abc0949630d"},
    {file = "pytest_mock-3.15.1.tar.gz", hash = "sha256:1849a238f6f396da19762269de72cb1814ab44416fa73a8686deac10b0d87a0f"},
]

[package.dependencies]
pytest = ">=6.2.5"

[package.extras]
dev = ["pre-commit", "pytest-asyncio", "tox"]

[[package]]
name = "pytest-randomly"
version = "4.0.1"
description = "Pytest plugin to randomly order tests and control random.seed."
optional = false
python-versions = ">=3.9"
groups = ["dev"]
files = [
    {file = "pytest_randomly-4.0.1-py3-none-any.whl", hash = "sha256:e0dfad2fd4f35e07beff1e47c17fbafcf98f9bf4531fd369d9260e2f858bfcb7"},
    {file = "pytest_randomly-4.0.1.tar.gz", hash = "sha256:174e57bb12ac2c26f3578188490bd333f0e80620c3f47340158a86eca0593cd8"},
]

[package.dependencies]
pytest = "*"

[[package]]
name = "ruff"
version = "0.14.13"
description = "An extremely fast Python linter and code formatter, written in Rust."
optional = false
python-versions = ">=3.7"
groups = ["dev"]
files = [
    {file = "ruff-0.14.13-py3-none-linux_armv6l.whl", hash = "sha256:76f62c62cd37c276cb03a275b198c7c15bd1d60c989f944db08a8c1c2dbec18b"},
    {file = "ruff-0.14.13-py3-none-macosx_10_12_x86_64.whl", hash = "sha256:914a8023ece0528d5cc33f5a684f5f38199bbb566a04815c2c211d8f40b5d0ed"},
    {file = "ruff-0.14.13-py3-none-macosx_11_0_arm64.whl", hash = "sha256:d24899478c35ebfa730597a4a775d430ad0d5631b8647a3ab368c29b7e7bd063"},
    {file = "ruff-0.14.13-py3-none-manylinux_2_17_aarch64.manylinux2014_aarch64.whl", hash = "sha256:9aaf3870f14d925bbaf18b8a2347ee0ae7d95a2e490e4d4aea6813ed15ebc80e"},
    {file = "ruff-0.14.13-py3-none-manylinux_2_17_armv7l.manylinux2014_armv7l.whl", hash = "sha256:ac5b7f63dd3b27cc811850f5ffd8fff845b00ad70e60b043aabf8d6ecc304e09"},
    {file = "ruff-0.14.13-py3-none-manylinux_2_17_i686.manylinux2014_i686.whl", hash = "sha256:78d2b1097750d90ba82ce4ba676e85230a0ed694178ca5e61aa9b459970b3eb9"},
    {file = "ruff-0.14.13-py3-none-manylinux_2_17_ppc64.manylinux2014_ppc64.whl", hash = "sha256:7d0bf87705acbbcb8d4c24b2d77fbb73d40210a95c3903b443cd9e30824a5032"},
    {file = "ruff-0.14.13-py3-none-manylinux_2_17_ppc64le.manylinux2014_ppc64le.whl", hash = "sha256:a3eb5da8e2c9e9f13431032fdcbe7681de9ceda5835efee3269417c13f1fed5c"},
    {file = "ruff-0.14.13-py3-none-manylinux_2_17_s390x.manylinux2014_s390x.whl", hash = "sha256:642442b42957093811cd8d2140dfadd19c7417030a7a68cf8d51fcdd5f217427"},
    {file = "ruff-0.14.13-py3-none-manylinux_2_17_x86_64.manylinux2014_x86_64.whl", hash = "sha256:4acdf009f32b46f6e8864af19cbf6841eaaed8638e65c8dac845aea0d703c841"},
    {file = "ruff-0.14.13-py3-none-manylinux_2_31_riscv64.whl", hash = "sha256:591a7f68860ea4e003917d19b5c4f5ac39ff558f162dc753a2c5de897fd5502c"},
    {file = "ruff-0.14.13-py3-none-musllinux_1_2_aarch64.whl", hash = "sha256:774c77e841cc6e046fc3e91623ce0903d1cd07e3a36b1a9fe79b81dab3de506b"},
    {file = "ruff-0.14.13-py3-none-musllinux_1_2_armv7l.whl", hash = "sha256:61f4e40077a1248436772bb6512db5fc4457fe4c49e7a94ea7c5088655dd21ae"},
    {file = "ruff-0.14.13-py3-none-musllinux_1_2_i686.whl", hash = "sha256:6d02f1428357fae9e98ac7aa94b7e966fd24151088510d32cf6f902d6c09235e"},
    {file = "ruff-0.14.13-py3-none-musllinux_1_2_x86_64.whl", hash = "sha256:e399341472ce15237be0c0ae5fbceca4b04cd9bebab1a2b2c979e015455d8f0c"},
    {file = "ruff-0.14.13-py3-none-win32.whl", hash = "sha256:ef720f529aec113968b45dfdb838ac8934e519711da53a0456038a0efecbd680"},
    {file = "ruff-0.14.13-py3-none-win_amd64.whl", hash = "sha256:6070bd026e409734b9257e03e3ef18c6e1a216f0435c6751d7a8ec69cb59abef"},
    {file = "ruff-0.14.13-py3-none-win_arm64.whl", hash = "sha256:7ab819e14f1ad9fe39f246cfcc435880ef7a9390d81a2b6ac7e01039083dd247"},
    {file = "ruff-0.14.13.tar.gz", hash = "sha256:83cd6c0763190784b99650a20fec7633c59f6ebe41c5cc9d45ee42749563ad47"},
]

[[package]]
name = "sqlparse"
version = "0.5.3"
description = "A non-validating SQL parser."
optional = false
python-versions = ">=3.8"
groups = ["main", "djangorestframework-jsonapi"]
files = [
    {file = "sqlparse-0.5.3-py3-none-any.whl", hash = "sha256:cf2196ed3418f3ba5de6af7e82c694a9fbdbfecccdfc72e281548517081f16ca"},
    {file = "sqlparse-0.5.3.tar.gz", hash = "sha256:09f67787f56a0b16ecdbde1bfc7f5d9c3371ca683cfeaa8e6ff60b4807ec9272"},
]

[package.extras]
dev = ["build", "hatch"]
doc = ["sphinx"]

[[package]]
name = "stack-data"
version = "0.6.3"
description = "Extract data from python stack frames and tracebacks for informative displays"
optional = false
python-versions = "*"
groups = ["dev"]
files = [
    {file = "stack_data-0.6.3-py3-none-any.whl", hash = "sha256:d5558e0c25a4cb0853cddad3d77da9891a08cb85dd9f9f91b9f8cd66e511e695"},
    {file = "stack_data-0.6.3.tar.gz", hash = "sha256:836a778de4fec4dcd1dcd89ed8abff8a221f58308462e1c4aa2a3cf30148f0b9"},
]

[package.dependencies]
asttokens = ">=2.1.0"
executing = ">=1.2.0"
pure-eval = "*"

[package.extras]
tests = ["cython", "littleutils", "pygments", "pytest", "typeguard"]

[[package]]
name = "traitlets"
version = "5.14.3"
description = "Traitlets Python configuration system"
optional = false
python-versions = ">=3.8"
groups = ["dev"]
files = [
    {file = "traitlets-5.14.3-py3-none-any.whl", hash = "sha256:b74e89e397b1ed28cc831db7aea759ba6640cb3de13090ca145426688ff1ac4f"},
    {file = "traitlets-5.14.3.tar.gz", hash = "sha256:9ed0579d3502c94b4b3732ac120375cda96f923114522847de4b3bb98b96b6b7"},
]

[package.extras]
docs = ["myst-parser", "pydata-sphinx-theme", "sphinx"]
test = ["argcomplete (>=3.0.3)", "mypy (>=1.7.0)", "pre-commit", "pytest (>=7.0,<8.2)", "pytest-mock", "pytest-mypy-testing"]

[[package]]
name = "tzdata"
version = "2025.2"
description = "Provider of IANA time zone data"
optional = false
python-versions = ">=2"
groups = ["main", "djangorestframework-jsonapi"]
markers = "sys_platform == \"win32\""
files = [
    {file = "tzdata-2025.2-py2.py3-none-any.whl", hash = "sha256:1a403fada01ff9221ca8044d701868fa132215d84beb92242d9acd2147f667a8"},
    {file = "tzdata-2025.2.tar.gz", hash = "sha256:b60a638fcc0daffadf82fe0f57e53d06bdec2f36c4df66280ae79bce6bd6f2b9"},
]

[[package]]
name = "wcwidth"
version = "0.2.14"
description = "Measures the displayed width of unicode strings in a terminal"
optional = false
python-versions = ">=3.6"
groups = ["dev"]
files = [
    {file = "wcwidth-0.2.14-py2.py3-none-any.whl", hash = "sha256:a7bb560c8aee30f9957e5f9895805edd20602f2d7f720186dfd906e82b4982e1"},
    {file = "wcwidth-0.2.14.tar.gz", hash = "sha256:4d478375d31bc5395a3c55c40ccdf3354688364cd61c4f6adacaa9215d0b3605"},
]

[metadata]
lock-version = "2.1"
python-versions = ">=3.12,<4"
content-hash = "605db8faf03370bab6ece97fa66ba9b3cdf3408a1d9c0d78d46deae200679d32"
